# This file is automatically @generated by Cargo.
# It is not intended for manual editing.
[[package]]
name = "openttd"
version = "0.1.0"
dependencies = [
 "rust-lzma",
]

[[package]]
name = "pkg-config"
version = "0.3.19"
source = "registry+https://github.com/rust-lang/crates.io-index"
checksum = "3831453b3449ceb48b6d9c7ad7c96d5ea673e9b470a1dc578c2ce6521230884c"

[[package]]
name = "rust-lzma"
version = "0.5.1"
source = "registry+https://github.com/rust-lang/crates.io-index"
checksum = "895dc04daeaeee338bb96e229797902ed3f0675bfc59d5b42e0f0b0c13ac54da"
dependencies = [
 "pkg-config",
]
